
Microsoft Visual Studio Solution File, Format Version 12.00
# Visual Studio Version 16
VisualStudioVersion = 16.0.30523.141
MinimumVisualStudioVersion = 10.0.40219.1
Project("{FAE04EC0-301F-11D3-BF4B-00C04F79EFBC}") = "BaseCSharp", "BaseCSharp\BaseCSharp.csproj", "{110F9EA7-854C-4174-AD1E-49E8640CB33D}"
EndProject
Global
	GlobalSection(SolutionConfigurationPlatforms) = preSolution
		Debug|Any CPU = Debug|Any CPU
		Release|Any CPU = Release|Any CPU
	EndGlobalSection
	GlobalSection(ProjectConfigurationPlatforms) = postSolution
		{110F9EA7-854C-4174-AD1E-49E8640CB33D}.Debug|Any CPU.ActiveCfg = Debug|Any CPU
		{110F9EA7-854C-4174-AD1E-49E8640CB33D}.Debug|Any CPU.Build.0 = Debug|Any CPU
		{110F9EA7-854C-4174-AD1E-49E8640CB33D}.Release|Any CPU.ActiveCfg = Release|Any CPU
		{110F9EA7-854C-4174-AD1E-49E8640CB33D}.Release|Any CPU.Build.0 = Release|Any CPU
	EndGlobalSection
	GlobalSection(SolutionProperties) = preSolution
		HideSolutionNode = FALSE
	EndGlobalSection
	GlobalSection(ExtensibilityGlobals) = postSolution
		SolutionGuid = {9BD5E4C8-0FED-42D8-AD89-2AEE089E547B}
	EndGlobalSection
EndGlobal
